
Microsoft Visual Studio Solution File, Format Version 12.00
# Visual Studio Version 17
VisualStudioVersion = 17.11.35431.28
MinimumVisualStudioVersion = 10.0.40219.1
Project("{FAE04EC0-301F-11D3-BF4B-00C04F79EFBC}") = "Caso de Estudio_Carta", "Caso de Estudio_Carta.csproj", "{8177BC4E-0DA6-444A-8501-34320CD3444E}"
EndProject
Global
	GlobalSection(SolutionConfigurationPlatforms) = preSolution
		Debug|Any CPU = Debug|Any CPU
		Release|Any CPU = Release|Any CPU
	EndGlobalSection
	GlobalSection(ProjectConfigurationPlatforms) = postSolution
		{8177BC4E-0DA6-444A-8501-34320CD3444E}.Debug|Any CPU.ActiveCfg = Debug|Any CPU
		{8177BC4E-0DA6-444A-8501-34320CD3444E}.Debug|Any CPU.Build.0 = Debug|Any CPU
		{8177BC4E-0DA6-444A-8501-34320CD3444E}.Release|Any CPU.ActiveCfg = Release|Any CPU
		{8177BC4E-0DA6-444A-8501-34320CD3444E}.Release|Any CPU.Build.0 = Release|Any CPU
	EndGlobalSection
	GlobalSection(SolutionProperties) = preSolution
		HideSolutionNode = FALSE
	EndGlobalSection
	GlobalSection(ExtensibilityGlobals) = postSolution
		SolutionGuid = {A45CF3A2-7D3E-4040-B458-1F84F3CBAE9A}
	EndGlobalSection
EndGlobal
