
Microsoft Visual Studio Solution File, Format Version 12.00
# Visual Studio Version 17
VisualStudioVersion = 17.11.35327.3
MinimumVisualStudioVersion = 10.0.40219.1
Project("{FAE04EC0-301F-11D3-BF4B-00C04F79EFBC}") = "Postulantes", "Postulantes.csproj", "{856D5E5E-EEBC-4C6E-82CC-9CB6264DABAF}"
EndProject
Global
	GlobalSection(SolutionConfigurationPlatforms) = preSolution
		Debug|Any CPU = Debug|Any CPU
		Release|Any CPU = Release|Any CPU
	EndGlobalSection
	GlobalSection(ProjectConfigurationPlatforms) = postSolution
		{856D5E5E-EEBC-4C6E-82CC-9CB6264DABAF}.Debug|Any CPU.ActiveCfg = Debug|Any CPU
		{856D5E5E-EEBC-4C6E-82CC-9CB6264DABAF}.Debug|Any CPU.Build.0 = Debug|Any CPU
		{856D5E5E-EEBC-4C6E-82CC-9CB6264DABAF}.Release|Any CPU.ActiveCfg = Release|Any CPU
		{856D5E5E-EEBC-4C6E-82CC-9CB6264DABAF}.Release|Any CPU.Build.0 = Release|Any CPU
	EndGlobalSection
	GlobalSection(SolutionProperties) = preSolution
		HideSolutionNode = FALSE
	EndGlobalSection
	GlobalSection(ExtensibilityGlobals) = postSolution
		SolutionGuid = {CD235DBC-2695-48CB-AB4C-B1F1019F607A}
	EndGlobalSection
EndGlobal
