
Microsoft Visual Studio Solution File, Format Version 12.00
# Visual Studio Version 17
VisualStudioVersion = 17.11.35431.28
MinimumVisualStudioVersion = 10.0.40219.1
Project("{FAE04EC0-301F-11D3-BF4B-00C04F79EFBC}") = "LibroCalificaciones", "LibroCalificaciones.csproj", "{4160C847-145D-48C6-B973-B182E7D578CA}"
EndProject
Global
	GlobalSection(SolutionConfigurationPlatforms) = preSolution
		Debug|Any CPU = Debug|Any CPU
		Release|Any CPU = Release|Any CPU
	EndGlobalSection
	GlobalSection(ProjectConfigurationPlatforms) = postSolution
		{4160C847-145D-48C6-B973-B182E7D578CA}.Debug|Any CPU.ActiveCfg = Debug|Any CPU
		{4160C847-145D-48C6-B973-B182E7D578CA}.Debug|Any CPU.Build.0 = Debug|Any CPU
		{4160C847-145D-48C6-B973-B182E7D578CA}.Release|Any CPU.ActiveCfg = Release|Any CPU
		{4160C847-145D-48C6-B973-B182E7D578CA}.Release|Any CPU.Build.0 = Release|Any CPU
	EndGlobalSection
	GlobalSection(SolutionProperties) = preSolution
		HideSolutionNode = FALSE
	EndGlobalSection
	GlobalSection(ExtensibilityGlobals) = postSolution
		SolutionGuid = {17C0C16B-5F1F-46C4-813D-D360C3735C13}
	EndGlobalSection
EndGlobal
