
Microsoft Visual Studio Solution File, Format Version 12.00
# Visual Studio Version 17
VisualStudioVersion = 17.11.35431.28
MinimumVisualStudioVersion = 10.0.40219.1
Project("{FAE04EC0-301F-11D3-BF4B-00C04F79EFBC}") = "Mod3Libro", "Mod3Libro.csproj", "{804FB5E3-9EBA-4268-ADFB-CBB61A3EA9D1}"
EndProject
Global
	GlobalSection(SolutionConfigurationPlatforms) = preSolution
		Debug|Any CPU = Debug|Any CPU
		Release|Any CPU = Release|Any CPU
	EndGlobalSection
	GlobalSection(ProjectConfigurationPlatforms) = postSolution
		{804FB5E3-9EBA-4268-ADFB-CBB61A3EA9D1}.Debug|Any CPU.ActiveCfg = Debug|Any CPU
		{804FB5E3-9EBA-4268-ADFB-CBB61A3EA9D1}.Debug|Any CPU.Build.0 = Debug|Any CPU
		{804FB5E3-9EBA-4268-ADFB-CBB61A3EA9D1}.Release|Any CPU.ActiveCfg = Release|Any CPU
		{804FB5E3-9EBA-4268-ADFB-CBB61A3EA9D1}.Release|Any CPU.Build.0 = Release|Any CPU
	EndGlobalSection
	GlobalSection(SolutionProperties) = preSolution
		HideSolutionNode = FALSE
	EndGlobalSection
	GlobalSection(ExtensibilityGlobals) = postSolution
		SolutionGuid = {565EA25F-32CB-455D-8141-EE8C13502703}
	EndGlobalSection
EndGlobal
