
Microsoft Visual Studio Solution File, Format Version 12.00
# Visual Studio Version 17
VisualStudioVersion = 17.11.35431.28
MinimumVisualStudioVersion = 10.0.40219.1
Project("{FAE04EC0-301F-11D3-BF4B-00C04F79EFBC}") = "ClaseCalificacionesMod3", "ClaseCalificacionesMod3.csproj", "{9B0CFC8D-A420-4A96-8440-EFD94450170C}"
EndProject
Global
	GlobalSection(SolutionConfigurationPlatforms) = preSolution
		Debug|Any CPU = Debug|Any CPU
		Release|Any CPU = Release|Any CPU
	EndGlobalSection
	GlobalSection(ProjectConfigurationPlatforms) = postSolution
		{9B0CFC8D-A420-4A96-8440-EFD94450170C}.Debug|Any CPU.ActiveCfg = Debug|Any CPU
		{9B0CFC8D-A420-4A96-8440-EFD94450170C}.Debug|Any CPU.Build.0 = Debug|Any CPU
		{9B0CFC8D-A420-4A96-8440-EFD94450170C}.Release|Any CPU.ActiveCfg = Release|Any CPU
		{9B0CFC8D-A420-4A96-8440-EFD94450170C}.Release|Any CPU.Build.0 = Release|Any CPU
	EndGlobalSection
	GlobalSection(SolutionProperties) = preSolution
		HideSolutionNode = FALSE
	EndGlobalSection
	GlobalSection(ExtensibilityGlobals) = postSolution
		SolutionGuid = {EDA7ABEB-4FF9-4C32-9C5D-861DE7A61DB3}
	EndGlobalSection
EndGlobal
