
Microsoft Visual Studio Solution File, Format Version 12.00
# Visual Studio Version 17
VisualStudioVersion = 17.11.35431.28
MinimumVisualStudioVersion = 10.0.40219.1
Project("{9A19103F-16F7-4668-BE54-9A1E7A4F7556}") = "Practica Bucle Notas", "Practica Bucle Notas.csproj", "{CEA984DC-F15B-430D-BB3E-9E807A167050}"
EndProject
Global
	GlobalSection(SolutionConfigurationPlatforms) = preSolution
		Debug|Any CPU = Debug|Any CPU
		Release|Any CPU = Release|Any CPU
	EndGlobalSection
	GlobalSection(ProjectConfigurationPlatforms) = postSolution
		{CEA984DC-F15B-430D-BB3E-9E807A167050}.Debug|Any CPU.ActiveCfg = Debug|Any CPU
		{CEA984DC-F15B-430D-BB3E-9E807A167050}.Debug|Any CPU.Build.0 = Debug|Any CPU
		{CEA984DC-F15B-430D-BB3E-9E807A167050}.Release|Any CPU.ActiveCfg = Release|Any CPU
		{CEA984DC-F15B-430D-BB3E-9E807A167050}.Release|Any CPU.Build.0 = Release|Any CPU
	EndGlobalSection
	GlobalSection(SolutionProperties) = preSolution
		HideSolutionNode = FALSE
	EndGlobalSection
	GlobalSection(ExtensibilityGlobals) = postSolution
		SolutionGuid = {767E5BA6-F17D-4A40-A27C-36B2D8AD739B}
	EndGlobalSection
EndGlobal
